# This file is automatically @generated by Cargo.
# It is not intended for manual editing.
[[package]]
name = "demo"
version = "0.1.0"
dependencies = [
 "my_crate_denglitong 0.1.0 (registry+https://github.com/rust-lang/crates.io-index)",
]

[[package]]
name = "my_crate_denglitong"
version = "0.1.0"
source = "registry+https://github.com/rust-lang/crates.io-index"

[metadata]
"checksum my_crate_denglitong 0.1.0 (registry+https://github.com/rust-lang/crates.io-index)" = "8eb3fbd507922a5538fb0e5696bf03d570e56b6c14d8acdd1571e115af1d1992"
